{
  "name": "@fbgfi/tslint-config",
  "version": "1.0.0",
  "lockfileVersion": 3,
  "requires": true,
  "packages": {
    "": {
      "name": "@fbgfi/tslint-config",
      "version": "1.0.0",
      "license": "ISC",
      "devDependencies": {
        "@fbgfi/eslint-config": "git+https://github.com/FBGFi/eslint-config"
      },
      "engines": {
        "node": ">=23.9.0"
      }
    },
    "node_modules/@fbgfi/eslint-config": {
      "version": "0.0.0",
      "resolved": "git+ssh://git@github.com/FBGFi/eslint-config.git#7305798bb876e32a765323d6ba7300e35b100794",
      "dev": true,
      "license": "ISC",
      "engines": {
        "node": ">=23.9.0"
      }
    }
  }
}
